
Microsoft Visual Studio Solution File, Format Version 12.00
Project("{FAE04EC0-301F-11D3-BF4B-00C04F79EFBC}") = "XPS-RomanNumbers.App", "XPS-RomanNumbers.App\XPS-RomanNumbers.App.csproj", "{5D2DA5AF-31C1-4EEB-B1F9-90DC13F4F21C}"
EndProject
Project("{FAE04EC0-301F-11D3-BF4B-00C04F79EFBC}") = "XPS-RomanNumbers.Tests", "XPS-RomanNumbers.Tests\XPS-RomanNumbers.Tests.csproj", "{C4EFDB1B-3349-4765-8713-D11CAD7AE5D8}"
EndProject
Project("{FAE04EC0-301F-11D3-BF4B-00C04F79EFBC}") = "XPS-RomanNumbers.Logic", "XPS-RomanNumbers.Logic\XPS-RomanNumbers.Logic.csproj", "{6F07B461-9FEF-42F9-991D-ECCBEC4315CE}"
EndProject
Global
	GlobalSection(SolutionConfigurationPlatforms) = preSolution
		Debug|Any CPU = Debug|Any CPU
		Release|Any CPU = Release|Any CPU
	EndGlobalSection
	GlobalSection(ProjectConfigurationPlatforms) = postSolution
		{5D2DA5AF-31C1-4EEB-B1F9-90DC13F4F21C}.Debug|Any CPU.ActiveCfg = Debug|Any CPU
		{5D2DA5AF-31C1-4EEB-B1F9-90DC13F4F21C}.Debug|Any CPU.Build.0 = Debug|Any CPU
		{5D2DA5AF-31C1-4EEB-B1F9-90DC13F4F21C}.Release|Any CPU.ActiveCfg = Release|Any CPU
		{5D2DA5AF-31C1-4EEB-B1F9-90DC13F4F21C}.Release|Any CPU.Build.0 = Release|Any CPU
		{C4EFDB1B-3349-4765-8713-D11CAD7AE5D8}.Debug|Any CPU.ActiveCfg = Debug|Any CPU
		{C4EFDB1B-3349-4765-8713-D11CAD7AE5D8}.Debug|Any CPU.Build.0 = Debug|Any CPU
		{C4EFDB1B-3349-4765-8713-D11CAD7AE5D8}.Release|Any CPU.ActiveCfg = Release|Any CPU
		{C4EFDB1B-3349-4765-8713-D11CAD7AE5D8}.Release|Any CPU.Build.0 = Release|Any CPU
		{6F07B461-9FEF-42F9-991D-ECCBEC4315CE}.Debug|Any CPU.ActiveCfg = Debug|Any CPU
		{6F07B461-9FEF-42F9-991D-ECCBEC4315CE}.Debug|Any CPU.Build.0 = Debug|Any CPU
		{6F07B461-9FEF-42F9-991D-ECCBEC4315CE}.Release|Any CPU.ActiveCfg = Release|Any CPU
		{6F07B461-9FEF-42F9-991D-ECCBEC4315CE}.Release|Any CPU.Build.0 = Release|Any CPU
	EndGlobalSection
EndGlobal
